
Microsoft Visual Studio Solution File, Format Version 12.00
# Visual Studio 15
VisualStudioVersion = 15.0.28010.2046
MinimumVisualStudioVersion = 10.0.40219.1
Project("{9A19103F-16F7-4668-BE54-9A1E7A4F7556}") = "ObjectMgmt.NETCoreApi", "OpenText.ProjectApi\ObjectMgmt.NETCoreApi.csproj", "{7AC936D1-4D34-4454-A8C6-939F483B6E6D}"
EndProject
Global
	GlobalSection(SolutionConfigurationPlatforms) = preSolution
		Debug|Any CPU = Debug|Any CPU
		Release|Any CPU = Release|Any CPU
	EndGlobalSection
	GlobalSection(ProjectConfigurationPlatforms) = postSolution
		{7AC936D1-4D34-4454-A8C6-939F483B6E6D}.Debug|Any CPU.ActiveCfg = Debug|Any CPU
		{7AC936D1-4D34-4454-A8C6-939F483B6E6D}.Debug|Any CPU.Build.0 = Debug|Any CPU
		{7AC936D1-4D34-4454-A8C6-939F483B6E6D}.Release|Any CPU.ActiveCfg = Release|Any CPU
		{7AC936D1-4D34-4454-A8C6-939F483B6E6D}.Release|Any CPU.Build.0 = Release|Any CPU
	EndGlobalSection
	GlobalSection(SolutionProperties) = preSolution
		HideSolutionNode = FALSE
	EndGlobalSection
	GlobalSection(ExtensibilityGlobals) = postSolution
		SolutionGuid = {48C9078D-60B0-4E04-A7ED-65B5261D605E}
	EndGlobalSection
EndGlobal
